
Microsoft Visual Studio Solution File, Format Version 12.00
# Visual Studio Version 16
VisualStudioVersion = 16.0.29709.97
MinimumVisualStudioVersion = 10.0.40219.1
Project("{2150E333-8FDC-42A3-9474-1A3956D46DE8}") = "Solution Items", "Solution Items", "{85F25EE7-1CC2-4D2A-8D39-16401A360238}"
	ProjectSection(SolutionItems) = preProject
		README.md = README.md
	EndProjectSection
EndProject
Project("{9A19103F-16F7-4668-BE54-9A1E7A4F7556}") = "aad-b2c-custom_policies-dotnet-core", "aad-b2c-custom_policies-dotnet-core\aad-b2c-custom_policies-dotnet-core.csproj", "{1057C2A9-A58C-41EC-B816-79E8BE608CDF}"
EndProject
Project("{9A19103F-16F7-4668-BE54-9A1E7A4F7556}") = "blazor-jwt_generator-dotnet-core", "blazor-jwt_generator-dotnet-core\blazor-jwt_generator-dotnet-core.csproj", "{1026FB13-EE24-4E2D-94BF-8ACF3C46D1B1}"
EndProject
Project("{9A19103F-16F7-4668-BE54-9A1E7A4F7556}") = "aad-b2c-mailengine-dotnet-core", "aad-b2c-mailengine-dotnet-core\aad-b2c-mailengine-dotnet-core.csproj", "{61A8F11F-9047-4AC4-B926-A92DD56BC3D4}"
EndProject
Project("{FAE04EC0-301F-11D3-BF4B-00C04F79EFBC}") = "blazor_jwt_validator_dotnet_core", "blazor_jwt_validator_dotnet_core\blazor_jwt_validator_dotnet_core.csproj", "{FCDECFFB-2531-4F95-B6C1-759B06B931DD}"
EndProject
Global
	GlobalSection(SolutionConfigurationPlatforms) = preSolution
		Debug|Any CPU = Debug|Any CPU
		Release|Any CPU = Release|Any CPU
	EndGlobalSection
	GlobalSection(ProjectConfigurationPlatforms) = postSolution
		{1057C2A9-A58C-41EC-B816-79E8BE608CDF}.Debug|Any CPU.ActiveCfg = Debug|Any CPU
		{1057C2A9-A58C-41EC-B816-79E8BE608CDF}.Debug|Any CPU.Build.0 = Debug|Any CPU
		{1057C2A9-A58C-41EC-B816-79E8BE608CDF}.Release|Any CPU.ActiveCfg = Release|Any CPU
		{1057C2A9-A58C-41EC-B816-79E8BE608CDF}.Release|Any CPU.Build.0 = Release|Any CPU
		{1026FB13-EE24-4E2D-94BF-8ACF3C46D1B1}.Debug|Any CPU.ActiveCfg = Debug|Any CPU
		{1026FB13-EE24-4E2D-94BF-8ACF3C46D1B1}.Debug|Any CPU.Build.0 = Debug|Any CPU
		{1026FB13-EE24-4E2D-94BF-8ACF3C46D1B1}.Release|Any CPU.ActiveCfg = Release|Any CPU
		{1026FB13-EE24-4E2D-94BF-8ACF3C46D1B1}.Release|Any CPU.Build.0 = Release|Any CPU
		{61A8F11F-9047-4AC4-B926-A92DD56BC3D4}.Debug|Any CPU.ActiveCfg = Debug|Any CPU
		{61A8F11F-9047-4AC4-B926-A92DD56BC3D4}.Debug|Any CPU.Build.0 = Debug|Any CPU
		{61A8F11F-9047-4AC4-B926-A92DD56BC3D4}.Release|Any CPU.ActiveCfg = Release|Any CPU
		{61A8F11F-9047-4AC4-B926-A92DD56BC3D4}.Release|Any CPU.Build.0 = Release|Any CPU
		{FCDECFFB-2531-4F95-B6C1-759B06B931DD}.Debug|Any CPU.ActiveCfg = Debug|Any CPU
		{FCDECFFB-2531-4F95-B6C1-759B06B931DD}.Debug|Any CPU.Build.0 = Debug|Any CPU
		{FCDECFFB-2531-4F95-B6C1-759B06B931DD}.Release|Any CPU.ActiveCfg = Release|Any CPU
		{FCDECFFB-2531-4F95-B6C1-759B06B931DD}.Release|Any CPU.Build.0 = Release|Any CPU
	EndGlobalSection
	GlobalSection(SolutionProperties) = preSolution
		HideSolutionNode = FALSE
	EndGlobalSection
	GlobalSection(ExtensibilityGlobals) = postSolution
		SolutionGuid = {6BCCE85D-140E-4966-ADD1-EC528ED00FA1}
	EndGlobalSection
EndGlobal
